
Microsoft Visual Studio Solution File, Format Version 12.00
# Visual Studio 15
VisualStudioVersion = 15.0.28307.572
MinimumVisualStudioVersion = 10.0.40219.1
Project("{9A19103F-16F7-4668-BE54-9A1E7A4F7556}") = "CacheLiteSharp.Core", "CacheLiteSharp.Core\CacheLiteSharp.Core.csproj", "{E5D3D202-EB9B-4AE7-AF79-53E95ED25324}"
EndProject
Project("{9A19103F-16F7-4668-BE54-9A1E7A4F7556}") = "CacheLiteSharp.Core.DataStructures", "CacheLiteSharp.DataStructures\CacheLiteSharp.Core.DataStructures.csproj", "{A377CA77-7CC6-42E4-A1A5-2F3EB306E9EA}"
EndProject
Project("{9A19103F-16F7-4668-BE54-9A1E7A4F7556}") = "CacheLiteSharp.Core.Unit.Tests", "CacheLiteSharp.Tests\CacheLiteSharp.Core.Unit.Tests.csproj", "{AE28E7DE-4404-48BB-8F4F-A9C313409B39}"
EndProject
Project("{9A19103F-16F7-4668-BE54-9A1E7A4F7556}") = "CacheLiteSharp.Core.DataStructures.Unit.Tests", "CacheLiteSharp.DataStructures.Tests\CacheLiteSharp.Core.DataStructures.Unit.Tests.csproj", "{F998DA3C-2C96-48D0-B841-929CA3C4D4AA}"
EndProject
Global
	GlobalSection(SolutionConfigurationPlatforms) = preSolution
		Debug|Any CPU = Debug|Any CPU
		Release|Any CPU = Release|Any CPU
	EndGlobalSection
	GlobalSection(ProjectConfigurationPlatforms) = postSolution
		{E5D3D202-EB9B-4AE7-AF79-53E95ED25324}.Debug|Any CPU.ActiveCfg = Debug|Any CPU
		{E5D3D202-EB9B-4AE7-AF79-53E95ED25324}.Debug|Any CPU.Build.0 = Debug|Any CPU
		{E5D3D202-EB9B-4AE7-AF79-53E95ED25324}.Release|Any CPU.ActiveCfg = Release|Any CPU
		{E5D3D202-EB9B-4AE7-AF79-53E95ED25324}.Release|Any CPU.Build.0 = Release|Any CPU
		{A377CA77-7CC6-42E4-A1A5-2F3EB306E9EA}.Debug|Any CPU.ActiveCfg = Debug|Any CPU
		{A377CA77-7CC6-42E4-A1A5-2F3EB306E9EA}.Debug|Any CPU.Build.0 = Debug|Any CPU
		{A377CA77-7CC6-42E4-A1A5-2F3EB306E9EA}.Release|Any CPU.ActiveCfg = Release|Any CPU
		{A377CA77-7CC6-42E4-A1A5-2F3EB306E9EA}.Release|Any CPU.Build.0 = Release|Any CPU
		{AE28E7DE-4404-48BB-8F4F-A9C313409B39}.Debug|Any CPU.ActiveCfg = Debug|Any CPU
		{AE28E7DE-4404-48BB-8F4F-A9C313409B39}.Debug|Any CPU.Build.0 = Debug|Any CPU
		{AE28E7DE-4404-48BB-8F4F-A9C313409B39}.Release|Any CPU.ActiveCfg = Release|Any CPU
		{AE28E7DE-4404-48BB-8F4F-A9C313409B39}.Release|Any CPU.Build.0 = Release|Any CPU
		{F998DA3C-2C96-48D0-B841-929CA3C4D4AA}.Debug|Any CPU.ActiveCfg = Debug|Any CPU
		{F998DA3C-2C96-48D0-B841-929CA3C4D4AA}.Debug|Any CPU.Build.0 = Debug|Any CPU
		{F998DA3C-2C96-48D0-B841-929CA3C4D4AA}.Release|Any CPU.ActiveCfg = Release|Any CPU
		{F998DA3C-2C96-48D0-B841-929CA3C4D4AA}.Release|Any CPU.Build.0 = Release|Any CPU
	EndGlobalSection
	GlobalSection(SolutionProperties) = preSolution
		HideSolutionNode = FALSE
	EndGlobalSection
	GlobalSection(ExtensibilityGlobals) = postSolution
		SolutionGuid = {393D776F-6E6B-47A0-BD98-D0CC1B2E1E5D}
	EndGlobalSection
EndGlobal
